// !$*UTF8*$!
{
	archiveVersion = 1;
	classes = {
	};
	objectVersion = 50;
	objects = {

/* Begin PBXBuildFile section */
		276D11D7234F04E200E1663B /* TableViewCell.swift in Sources */ = {isa = PBXBuildFile; fileRef = 276D11D6234F04E200E1663B /* TableViewCell.swift */; };
		276D11D9234F088D00E1663B /* DataModel.swift in Sources */ = {isa = PBXBuildFile; fileRef = 276D11D8234F088D00E1663B /* DataModel.swift */; };
		27955E67234E277900ED0F9D /* AppDelegate.swift in Sources */ = {isa = PBXBuildFile; fileRef = 27955E66234E277900ED0F9D /* AppDelegate.swift */; };
		27955E69234E277900ED0F9D /* SceneDelegate.swift in Sources */ = {isa = PBXBuildFile; fileRef = 27955E68234E277900ED0F9D /* SceneDelegate.swift */; };
		27955E6B234E277900ED0F9D /* ViewController.swift in Sources */ = {isa = PBXBuildFile; fileRef = 27955E6A234E277900ED0F9D /* ViewController.swift */; };
		27955E6E234E277900ED0F9D /* Main.storyboard in Resources */ = {isa = PBXBuildFile; fileRef = 27955E6C234E277900ED0F9D /* Main.storyboard */; };
		27955E70234E278700ED0F9D /* Assets.xcassets in Resources */ = {isa = PBXBuildFile; fileRef = 27955E6F234E278700ED0F9D /* Assets.xcassets */; };
		27955E73234E278700ED0F9D /* LaunchScreen.storyboard in Resources */ = {isa = PBXBuildFile; fileRef = 27955E71234E278700ED0F9D /* LaunchScreen.storyboard */; };
		27955E7E234E278700ED0F9D /* DeathNoteTests.swift in Sources */ = {isa = PBXBuildFile; fileRef = 27955E7D234E278700ED0F9D /* DeathNoteTests.swift */; };
		27955E89234E278800ED0F9D /* DeathNoteUITests.swift in Sources */ = {isa = PBXBuildFile; fileRef = 27955E88234E278800ED0F9D /* DeathNoteUITests.swift */; };
/* End PBXBuildFile section */

/* Begin PBXContainerItemProxy section */
		27955E7A234E278700ED0F9D /* PBXContainerItemProxy */ = {
			isa = PBXContainerItemProxy;
			containerPortal = 27955E5B234E277900ED0F9D /* Project object */;
			proxyType = 1;
			remoteGlobalIDString = 27955E62234E277900ED0F9D;
			remoteInfo = DeathNote;
		};
		27955E85234E278800ED0F9D /* PBXContainerItemProxy */ = {
			isa = PBXContainerItemProxy;
			containerPortal = 27955E5B234E277900ED0F9D /* Project object */;
			proxyType = 1;
			remoteGlobalIDString = 27955E62234E277900ED0F9D;
			remoteInfo = DeathNote;
		};
/* End PBXContainerItemProxy section */

/* Begin PBXFileReference section */
		276D11D6234F04E200E1663B /* TableViewCell.swift */ = {isa = PBXFileReference; lastKnownFileType = sourcecode.swift; path = TableViewCell.swift; sourceTree = "<group>"; };
		276D11D8234F088D00E1663B /* DataModel.swift */ = {isa = PBXFileReference; lastKnownFileType = sourcecode.swift; path = DataModel.swift; sourceTree = "<group>"; };
		27955E63234E277900ED0F9D /* DeathNote.app */ = {isa = PBXFileReference; explicitFileType = wrapper.application; includeInIndex = 0; path = DeathNote.app; sourceTree = BUILT_PRODUCTS_DIR; };
		27955E66234E277900ED0F9D /* AppDelegate.swift */ = {isa = PBXFileReference; lastKnownFileType = sourcecode.swift; path = AppDelegate.swift; sourceTree = "<group>"; };
		27955E68234E277900ED0F9D /* SceneDelegate.swift */ = {isa = PBXFileReference; lastKnownFileType = sourcecode.swift; path = SceneDelegate.swift; sourceTree = "<group>"; };
		27955E6A234E277900ED0F9D /* ViewController.swift */ = {isa = PBXFileReference; lastKnownFileType = sourcecode.swift; path = ViewController.swift; sourceTree = "<group>"; };
		27955E6D234E277900ED0F9D /* Base */ = {isa = PBXFileReference; lastKnownFileType = file.storyboard; name = Base; path = Base.lproj/Main.storyboard; sourceTree = "<group>"; };
		27955E6F234E278700ED0F9D /* Assets.xcassets */ = {isa = PBXFileReference; lastKnownFileType = folder.assetcatalog; path = Assets.xcassets; sourceTree = "<group>"; };
		27955E72234E278700ED0F9D /* Base */ = {isa = PBXFileReference; lastKnownFileType = file.storyboard; name = Base; path = Base.lproj/LaunchScreen.storyboard; sourceTree = "<group>"; };
		27955E74234E278700ED0F9D /* Info.plist */ = {isa = PBXFileReference; lastKnownFileType = text.plist.xml; path = Info.plist; sourceTree = "<group>"; };
		27955E79234E278700ED0F9D /* DeathNoteTests.xctest */ = {isa = PBXFileReference; explicitFileType = wrapper.cfbundle; includeInIndex = 0; path = DeathNoteTests.xctest; sourceTree = BUILT_PRODUCTS_DIR; };
		27955E7D234E278700ED0F9D /* DeathNoteTests.swift */ = {isa = PBXFileReference; lastKnownFileType = sourcecode.swift; path = DeathNoteTests.swift; sourceTree = "<group>"; };
		27955E7F234E278700ED0F9D /* Info.plist */ = {isa = PBXFileReference; lastKnownFileType = text.plist.xml; path = Info.plist; sourceTree = "<group>"; };
		27955E84234E278800ED0F9D /* DeathNoteUITests.xctest */ = {isa = PBXFileReference; explicitFileType = wrapper.cfbundle; includeInIndex = 0; path = DeathNoteUITests.xctest; sourceTree = BUILT_PRODUCTS_DIR; };
		27955E88234E278800ED0F9D /* DeathNoteUITests.swift */ = {isa = PBXFileReference; lastKnownFileType = sourcecode.swift; path = DeathNoteUITests.swift; sourceTree = "<group>"; };
		27955E8A234E278800ED0F9D /* Info.plist */ = {isa = PBXFileReference; lastKnownFileType = text.plist.xml; path = Info.plist; sourceTree = "<group>"; };
/* End PBXFileReference section */

/* Begin PBXFrameworksBuildPhase section */
		27955E60234E277900ED0F9D /* Frameworks */ = {
			isa = PBXFrameworksBuildPhase;
			buildActionMask = 2147483647;
			files = (
			);
			runOnlyForDeploymentPostprocessing = 0;
		};
		27955E76234E278700ED0F9D /* Frameworks */ = {
			isa = PBXFrameworksBuildPhase;
			buildActionMask = 2147483647;
			files = (
			);
			runOnlyForDeploymentPostprocessing = 0;
		};
		27955E81234E278800ED0F9D /* Frameworks */ = {
			isa = PBXFrameworksBuildPhase;
			buildActionMask = 2147483647;
			files = (
			);
			runOnlyForDeploymentPostprocessing = 0;
		};
/* End PBXFrameworksBuildPhase section */

/* Begin PBXGroup section */
		27955E5A234E277900ED0F9D = {
			isa = PBXGroup;
			children = (
				27955E65234E277900ED0F9D /* DeathNote */,
				27955E7C234E278700ED0F9D /* DeathNoteTests */,
				27955E87234E278800ED0F9D /* DeathNoteUITests */,
				27955E64234E277900ED0F9D /* Products */,
			);
			sourceTree = "<group>";
		};
		27955E64234E277900ED0F9D /* Products */ = {
			isa = PBXGroup;
			children = (
				27955E63234E277900ED0F9D /* DeathNote.app */,
				27955E79234E278700ED0F9D /* DeathNoteTests.xctest */,
				27955E84234E278800ED0F9D /* DeathNoteUITests.xctest */,
			);
			name = Products;
			sourceTree = "<group>";
		};
		27955E65234E277900ED0F9D /* DeathNote */ = {
			isa = PBXGroup;
			children = (
				27955E66234E277900ED0F9D /* AppDelegate.swift */,
				27955E68234E277900ED0F9D /* SceneDelegate.swift */,
				27955E6A234E277900ED0F9D /* ViewController.swift */,
				27955E6C234E277900ED0F9D /* Main.storyboard */,
				276D11D8234F088D00E1663B /* DataModel.swift */,
				276D11D6234F04E200E1663B /* TableViewCell.swift */,
				27955E6F234E278700ED0F9D /* Assets.xcassets */,
				27955E71234E278700ED0F9D /* LaunchScreen.storyboard */,
				27955E74234E278700ED0F9D /* Info.plist */,
			);
			path = DeathNote;
			sourceTree = "<group>";
		};
		27955E7C234E278700ED0F9D /* DeathNoteTests */ = {
			isa = PBXGroup;
			children = (
				27955E7D234E278700ED0F9D /* DeathNoteTests.swift */,
				27955E7F234E278700ED0F9D /* Info.plist */,
			);
			path = DeathNoteTests;
			sourceTree = "<group>";
		};
		27955E87234E278800ED0F9D /* DeathNoteUITests */ = {
			isa = PBXGroup;
			children = (
				27955E88234E278800ED0F9D /* DeathNoteUITests.swift */,
				27955E8A234E278800ED0F9D /* Info.plist */,
			);
			path = DeathNoteUITests;
			sourceTree = "<group>";
		};
/* End PBXGroup section */

/* Begin PBXNativeTarget section */
		27955E62234E277900ED0F9D /* DeathNote */ = {
			isa = PBXNativeTarget;
			buildConfigurationList = 27955E8D234E278800ED0F9D /* Build configuration list for PBXNativeTarget "DeathNote" */;
			buildPhases = (
				27955E5F234E277900ED0F9D /* Sources */,
				27955E60234E277900ED0F9D /* Frameworks */,
				27955E61234E277900ED0F9D /* Resources */,
			);
			buildRules = (
			);
			dependencies = (
			);
			name = DeathNote;
			productName = DeathNote;
			productReference = 27955E63234E277900ED0F9D /* DeathNote.app */;
			productType = "com.apple.product-type.application";
		};
		27955E78234E278700ED0F9D /* DeathNoteTests */ = {
			isa = PBXNativeTarget;
			buildConfigurationList = 27955E90234E278800ED0F9D /* Build configuration list for PBXNativeTarget "DeathNoteTests" */;
			buildPhases = (
				27955E75234E278700ED0F9D /* Sources */,
				27955E76234E278700ED0F9D /* Frameworks */,
				27955E77234E278700ED0F9D /* Resources */,
			);
			buildRules = (
			);
			dependencies = (
				27955E7B234E278700ED0F9D /* PBXTargetDependency */,
			);
			name = DeathNoteTests;
			productName = DeathNoteTests;
			productReference = 27955E79234E278700ED0F9D /* DeathNoteTests.xctest */;
			productType = "com.apple.product-type.bundle.unit-test";
		};
		27955E83234E278800ED0F9D /* DeathNoteUITests */ = {
			isa = PBXNativeTarget;
			buildConfigurationList = 27955E93234E278800ED0F9D /* Build configuration list for PBXNativeTarget "DeathNoteUITests" */;
			buildPhases = (
				27955E80234E278800ED0F9D /* Sources */,
				27955E81234E278800ED0F9D /* Frameworks */,
				27955E82234E278800ED0F9D /* Resources */,
			);
			buildRules = (
			);
			dependencies = (
				27955E86234E278800ED0F9D /* PBXTargetDependency */,
			);
			name = DeathNoteUITests;
			productName = DeathNoteUITests;
			productReference = 27955E84234E278800ED0F9D /* DeathNoteUITests.xctest */;
			productType = "com.apple.product-type.bundle.ui-testing";
		};
/* End PBXNativeTarget section */

/* Begin PBXProject section */
		27955E5B234E277900ED0F9D /* Project object */ = {
			isa = PBXProject;
			attributes = {
				LastSwiftUpdateCheck = 1110;
				LastUpgradeCheck = 1110;
				ORGANIZATIONNAME = "Samantha HILLEBRAND";
				TargetAttributes = {
					27955E62234E277900ED0F9D = {
						CreatedOnToolsVersion = 11.1;
					};
					27955E78234E278700ED0F9D = {
						CreatedOnToolsVersion = 11.1;
						TestTargetID = 27955E62234E277900ED0F9D;
					};
					27955E83234E278800ED0F9D = {
						CreatedOnToolsVersion = 11.1;
						TestTargetID = 27955E62234E277900ED0F9D;
					};
				};
			};
			buildConfigurationList = 27955E5E234E277900ED0F9D /* Build configuration list for PBXProject "DeathNote" */;
			compatibilityVersion = "Xcode 9.3";
			developmentRegion = en;
			hasScannedForEncodings = 0;
			knownRegions = (
				en,
				Base,
			);
			mainGroup = 27955E5A234E277900ED0F9D;
			productRefGroup = 27955E64234E277900ED0F9D /* Products */;
			projectDirPath = "";
			projectRoot = "";
			targets = (
				27955E62234E277900ED0F9D /* DeathNote */,
				27955E78234E278700ED0F9D /* DeathNoteTests */,
				27955E83234E278800ED0F9D /* DeathNoteUITests */,
			);
		};
/* End PBXProject section */

/* Begin PBXResourcesBuildPhase section */
		27955E61234E277900ED0F9D /* Resources */ = {
			isa = PBXResourcesBuildPhase;
			buildActionMask = 2147483647;
			files = (
				27955E73234E278700ED0F9D /* LaunchScreen.storyboard in Resources */,
				27955E70234E278700ED0F9D /* Assets.xcassets in Resources */,
				27955E6E234E277900ED0F9D /* Main.storyboard in Resources */,
			);
			runOnlyForDeploymentPostprocessing = 0;
		};
		27955E77234E278700ED0F9D /* Resources */ = {
			isa = PBXResourcesBuildPhase;
			buildActionMask = 2147483647;
			files = (
			);
			runOnlyForDeploymentPostprocessing = 0;
		};
		27955E82234E278800ED0F9D /* Resources */ = {
			isa = PBXResourcesBuildPhase;
			buildActionMask = 2147483647;
			files = (
			);
			runOnlyForDeploymentPostprocessing = 0;
		};
/* End PBXResourcesBuildPhase section */

/* Begin PBXSourcesBuildPhase section */
		27955E5F234E277900ED0F9D /* Sources */ = {
			isa = PBXSourcesBuildPhase;
			buildActionMask = 2147483647;
			files = (
				276D11D9234F088D00E1663B /* DataModel.swift in Sources */,
				27955E6B234E277900ED0F9D /* ViewController.swift in Sources */,
				276D11D7234F04E200E1663B /* TableViewCell.swift in Sources */,
				27955E67234E277900ED0F9D /* AppDelegate.swift in Sources */,
				27955E69234E277900ED0F9D /* SceneDelegate.swift in Sources */,
			);
			runOnlyForDeploymentPostprocessing = 0;
		};
		27955E75234E278700ED0F9D /* Sources */ = {
			isa = PBXSourcesBuildPhase;
			buildActionMask = 2147483647;
			files = (
				27955E7E234E278700ED0F9D /* DeathNoteTests.swift in Sources */,
			);
			runOnlyForDeploymentPostprocessing = 0;
		};
		27955E80234E278800ED0F9D /* Sources */ = {
			isa = PBXSourcesBuildPhase;
			buildActionMask = 2147483647;
			files = (
				27955E89234E278800ED0F9D /* DeathNoteUITests.swift in Sources */,
			);
			runOnlyForDeploymentPostprocessing = 0;
		};
/* End PBXSourcesBuildPhase section */

/* Begin PBXTargetDependency section */
		27955E7B234E278700ED0F9D /* PBXTargetDependency */ = {
			isa = PBXTargetDependency;
			target = 27955E62234E277900ED0F9D /* DeathNote */;
			targetProxy = 27955E7A234E278700ED0F9D /* PBXContainerItemProxy */;
		};
		27955E86234E278800ED0F9D /* PBXTargetDependency */ = {
			isa = PBXTargetDependency;
			target = 27955E62234E277900ED0F9D /* DeathNote */;
			targetProxy = 27955E85234E278800ED0F9D /* PBXContainerItemProxy */;
		};
/* End PBXTargetDependency section */

/* Begin PBXVariantGroup section */
		27955E6C234E277900ED0F9D /* Main.storyboard */ = {
			isa = PBXVariantGroup;
			children = (
				27955E6D234E277900ED0F9D /* Base */,
			);
			name = Main.storyboard;
			sourceTree = "<group>";
		};
		27955E71234E278700ED0F9D /* LaunchScreen.storyboard */ = {
			isa = PBXVariantGroup;
			children = (
				27955E72234E278700ED0F9D /* Base */,
			);
			name = LaunchScreen.storyboard;
			sourceTree = "<group>";
		};
/* End PBXVariantGroup section */

/* Begin XCBuildConfiguration section */
		27955E8B234E278800ED0F9D /* Debug */ = {
			isa = XCBuildConfiguration;
			buildSettings = {
				ALWAYS_SEARCH_USER_PATHS = NO;
				CLANG_ANALYZER_NONNULL = YES;
				CLANG_ANALYZER_NUMBER_OBJECT_CONVERSION = YES_AGGRESSIVE;
				CLANG_CXX_LANGUAGE_STANDARD = "gnu++14";
				CLANG_CXX_LIBRARY = "libc++";
				CLANG_ENABLE_MODULES = YES;
				CLANG_ENABLE_OBJC_ARC = YES;
				CLANG_ENABLE_OBJC_WEAK = YES;
				CLANG_WARN_BLOCK_CAPTURE_AUTORELEASING = YES;
				CLANG_WARN_BOOL_CONVERSION = YES;
				CLANG_WARN_COMMA = YES;
				CLANG_WARN_CONSTANT_CONVERSION = YES;
				CLANG_WARN_DEPRECATED_OBJC_IMPLEMENTATIONS = YES;
				CLANG_WARN_DIRECT_OBJC_ISA_USAGE = YES_ERROR;
				CLANG_WARN_DOCUMENTATION_COMMENTS = YES;
				CLANG_WARN_EMPTY_BODY = YES;
				CLANG_WARN_ENUM_CONVERSION = YES;
				CLANG_WARN_INFINITE_RECURSION = YES;
				CLANG_WARN_INT_CONVERSION = YES;
				CLANG_WARN_NON_LITERAL_NULL_CONVERSION = YES;
				CLANG_WARN_OBJC_IMPLICIT_RETAIN_SELF = YES;
				CLANG_WARN_OBJC_LITERAL_CONVERSION = YES;
				CLANG_WARN_OBJC_ROOT_CLASS = YES_ERROR;
				CLANG_WARN_RANGE_LOOP_ANALYSIS = YES;
				CLANG_WARN_STRICT_PROTOTYPES = YES;
				CLANG_WARN_SUSPICIOUS_MOVE = YES;
				CLANG_WARN_UNGUARDED_AVAILABILITY = YES_AGGRESSIVE;
				CLANG_WARN_UNREACHABLE_CODE = YES;
				CLANG_WARN__DUPLICATE_METHOD_MATCH = YES;
				COPY_PHASE_STRIP = NO;
				DEBUG_INFORMATION_FORMAT = dwarf;
				ENABLE_STRICT_OBJC_MSGSEND = YES;
				ENABLE_TESTABILITY = YES;
				GCC_C_LANGUAGE_STANDARD = gnu11;
				GCC_DYNAMIC_NO_PIC = NO;
				GCC_NO_COMMON_BLOCKS = YES;
				GCC_OPTIMIZATION_LEVEL = 0;
				GCC_PREPROCESSOR_DEFINITIONS = (
					"DEBUG=1",
					"$(inherited)",
				);
				GCC_WARN_64_TO_32_BIT_CONVERSION = YES;
				GCC_WARN_ABOUT_RETURN_TYPE = YES_ERROR;
				GCC_WARN_UNDECLARED_SELECTOR = YES;
				GCC_WARN_UNINITIALIZED_AUTOS = YES_AGGRESSIVE;
				GCC_WARN_UNUSED_FUNCTION = YES;
				GCC_WARN_UNUSED_VARIABLE = YES;
				IPHONEOS_DEPLOYMENT_TARGET = 13.1;
				MTL_ENABLE_DEBUG_INFO = INCLUDE_SOURCE;
				MTL_FAST_MATH = YES;
				ONLY_ACTIVE_ARCH = YES;
				SDKROOT = iphoneos;
				SWIFT_ACTIVE_COMPILATION_CONDITIONS = DEBUG;
				SWIFT_OPTIMIZATION_LEVEL = "-Onone";
			};
			name = Debug;
		};
		27955E8C234E278800ED0F9D /* Release */ = {
			isa = XCBuildConfiguration;
			buildSettings = {
				ALWAYS_SEARCH_USER_PATHS = NO;
				CLANG_ANALYZER_NONNULL = YES;
				CLANG_ANALYZER_NUMBER_OBJECT_CONVERSION = YES_AGGRESSIVE;
				CLANG_CXX_LANGUAGE_STANDARD = "gnu++14";
				CLANG_CXX_LIBRARY = "libc++";
				CLANG_ENABLE_MODULES = YES;
				CLANG_ENABLE_OBJC_ARC = YES;
				CLANG_ENABLE_OBJC_WEAK = YES;
				CLANG_WARN_BLOCK_CAPTURE_AUTORELEASING = YES;
				CLANG_WARN_BOOL_CONVERSION = YES;
				CLANG_WARN_COMMA = YES;
				CLANG_WARN_CONSTANT_CONVERSION = YES;
				CLANG_WARN_DEPRECATED_OBJC_IMPLEMENTATIONS = YES;
				CLANG_WARN_DIRECT_OBJC_ISA_USAGE = YES_ERROR;
				CLANG_WARN_DOCUMENTATION_COMMENTS = YES;
				CLANG_WARN_EMPTY_BODY = YES;
				CLANG_WARN_ENUM_CONVERSION = YES;
				CLANG_WARN_INFINITE_RECURSION = YES;
				CLANG_WARN_INT_CONVERSION = YES;
				CLANG_WARN_NON_LITERAL_NULL_CONVERSION = YES;
				CLANG_WARN_OBJC_IMPLICIT_RETAIN_SELF = YES;
				CLANG_WARN_OBJC_LITERAL_CONVERSION = YES;
				CLANG_WARN_OBJC_ROOT_CLASS = YES_ERROR;
				CLANG_WARN_RANGE_LOOP_ANALYSIS = YES;
				CLANG_WARN_STRICT_PROTOTYPES = YES;
				CLANG_WARN_SUSPICIOUS_MOVE = YES;
				CLANG_WARN_UNGUARDED_AVAILABILITY = YES_AGGRESSIVE;
				CLANG_WARN_UNREACHABLE_CODE = YES;
				CLANG_WARN__DUPLICATE_METHOD_MATCH = YES;
				COPY_PHASE_STRIP = NO;
				DEBUG_INFORMATION_FORMAT = "dwarf-with-dsym";
				ENABLE_NS_ASSERTIONS = NO;
				ENABLE_STRICT_OBJC_MSGSEND = YES;
				GCC_C_LANGUAGE_STANDARD = gnu11;
				GCC_NO_COMMON_BLOCKS = YES;
				GCC_WARN_64_TO_32_BIT_CONVERSION = YES;
				GCC_WARN_ABOUT_RETURN_TYPE = YES_ERROR;
				GCC_WARN_UNDECLARED_SELECTOR = YES;
				GCC_WARN_UNINITIALIZED_AUTOS = YES_AGGRESSIVE;
				GCC_WARN_UNUSED_FUNCTION = YES;
				GCC_WARN_UNUSED_VARIABLE = YES;
				IPHONEOS_DEPLOYMENT_TARGET = 13.1;
				MTL_ENABLE_DEBUG_INFO = NO;
				MTL_FAST_MATH = YES;
				SDKROOT = iphoneos;
				SWIFT_COMPILATION_MODE = wholemodule;
				SWIFT_OPTIMIZATION_LEVEL = "-O";
				VALIDATE_PRODUCT = YES;
			};
			name = Release;
		};
		27955E8E234E278800ED0F9D /* Debug */ = {
			isa = XCBuildConfiguration;
			buildSettings = {
				ASSETCATALOG_COMPILER_APPICON_NAME = AppIcon;
				CODE_SIGN_STYLE = Automatic;
				INFOPLIST_FILE = DeathNote/Info.plist;
				LD_RUNPATH_SEARCH_PATHS = (
					"$(inherited)",
					"@executable_path/Frameworks",
				);
				PRODUCT_BUNDLE_IDENTIFIER = com.d02.DeathNote;
				PRODUCT_NAME = "$(TARGET_NAME)";
				SWIFT_VERSION = 5.0;
				TARGETED_DEVICE_FAMILY = "1,2";
			};
			name = Debug;
		};
		27955E8F234E278800ED0F9D /* Release */ = {
			isa = XCBuildConfiguration;
			buildSettings = {
				ASSETCATALOG_COMPILER_APPICON_NAME = AppIcon;
				CODE_SIGN_STYLE = Automatic;
				INFOPLIST_FILE = DeathNote/Info.plist;
				LD_RUNPATH_SEARCH_PATHS = (
					"$(inherited)",
					"@executable_path/Frameworks",
				);
				PRODUCT_BUNDLE_IDENTIFIER = com.d02.DeathNote;
				PRODUCT_NAME = "$(TARGET_NAME)";
				SWIFT_VERSION = 5.0;
				TARGETED_DEVICE_FAMILY = "1,2";
			};
			name = Release;
		};
		27955E91234E278800ED0F9D /* Debug */ = {
			isa = XCBuildConfiguration;
			buildSettings = {
				ALWAYS_EMBED_SWIFT_STANDARD_LIBRARIES = YES;
				BUNDLE_LOADER = "$(TEST_HOST)";
				CODE_SIGN_STYLE = Automatic;
				INFOPLIST_FILE = DeathNoteTests/Info.plist;
				IPHONEOS_DEPLOYMENT_TARGET = 13.1;
				LD_RUNPATH_SEARCH_PATHS = (
					"$(inherited)",
					"@executable_path/Frameworks",
					"@loader_path/Frameworks",
				);
				PRODUCT_BUNDLE_IDENTIFIER = com.d02.DeathNoteTests;
				PRODUCT_NAME = "$(TARGET_NAME)";
				SWIFT_VERSION = 5.0;
				TARGETED_DEVICE_FAMILY = "1,2";
				TEST_HOST = "$(BUILT_PRODUCTS_DIR)/DeathNote.app/DeathNote";
			};
			name = Debug;
		};
		27955E92234E278800ED0F9D /* Release */ = {
			isa = XCBuildConfiguration;
			buildSettings = {
				ALWAYS_EMBED_SWIFT_STANDARD_LIBRARIES = YES;
				BUNDLE_LOADER = "$(TEST_HOST)";
				CODE_SIGN_STYLE = Automatic;
				INFOPLIST_FILE = DeathNoteTests/Info.plist;
				IPHONEOS_DEPLOYMENT_TARGET = 13.1;
				LD_RUNPATH_SEARCH_PATHS = (
					"$(inherited)",
					"@executable_path/Frameworks",
					"@loader_path/Frameworks",
				);
				PRODUCT_BUNDLE_IDENTIFIER = com.d02.DeathNoteTests;
				PRODUCT_NAME = "$(TARGET_NAME)";
				SWIFT_VERSION = 5.0;
				TARGETED_DEVICE_FAMILY = "1,2";
				TEST_HOST = "$(BUILT_PRODUCTS_DIR)/DeathNote.app/DeathNote";
			};
			name = Release;
		};
		27955E94234E278800ED0F9D /* Debug */ = {
			isa = XCBuildConfiguration;
			buildSettings = {
				ALWAYS_EMBED_SWIFT_STANDARD_LIBRARIES = YES;
				CODE_SIGN_STYLE = Automatic;
				INFOPLIST_FILE = DeathNoteUITests/Info.plist;
				LD_RUNPATH_SEARCH_PATHS = (
					"$(inherited)",
					"@executable_path/Frameworks",
					"@loader_path/Frameworks",
				);
				PRODUCT_BUNDLE_IDENTIFIER = com.d02.DeathNoteUITests;
				PRODUCT_NAME = "$(TARGET_NAME)";
				SWIFT_VERSION = 5.0;
				TARGETED_DEVICE_FAMILY = "1,2";
				TEST_TARGET_NAME = DeathNote;
			};
			name = Debug;
		};
		27955E95234E278800ED0F9D /* Release */ = {
			isa = XCBuildConfiguration;
			buildSettings = {
				ALWAYS_EMBED_SWIFT_STANDARD_LIBRARIES = YES;
				CODE_SIGN_STYLE = Automatic;
				INFOPLIST_FILE = DeathNoteUITests/Info.plist;
				LD_RUNPATH_SEARCH_PATHS = (
					"$(inherited)",
					"@executable_path/Frameworks",
					"@loader_path/Frameworks",
				);
				PRODUCT_BUNDLE_IDENTIFIER = com.d02.DeathNoteUITests;
				PRODUCT_NAME = "$(TARGET_NAME)";
				SWIFT_VERSION = 5.0;
				TARGETED_DEVICE_FAMILY = "1,2";
				TEST_TARGET_NAME = DeathNote;
			};
			name = Release;
		};
/* End XCBuildConfiguration section */

/* Begin XCConfigurationList section */
		27955E5E234E277900ED0F9D /* Build configuration list for PBXProject "DeathNote" */ = {
			isa = XCConfigurationList;
			buildConfigurations = (
				27955E8B234E278800ED0F9D /* Debug */,
				27955E8C234E278800ED0F9D /* Release */,
			);
			defaultConfigurationIsVisible = 0;
			defaultConfigurationName = Release;
		};
		27955E8D234E278800ED0F9D /* Build configuration list for PBXNativeTarget "DeathNote" */ = {
			isa = XCConfigurationList;
			buildConfigurations = (
				27955E8E234E278800ED0F9D /* Debug */,
				27955E8F234E278800ED0F9D /* Release */,
			);
			defaultConfigurationIsVisible = 0;
			defaultConfigurationName = Release;
		};
		27955E90234E278800ED0F9D /* Build configuration list for PBXNativeTarget "DeathNoteTests" */ = {
			isa = XCConfigurationList;
			buildConfigurations = (
				27955E91234E278800ED0F9D /* Debug */,
				27955E92234E278800ED0F9D /* Release */,
			);
			defaultConfigurationIsVisible = 0;
			defaultConfigurationName = Release;
		};
		27955E93234E278800ED0F9D /* Build configuration list for PBXNativeTarget "DeathNoteUITests" */ = {
			isa = XCConfigurationList;
			buildConfigurations = (
				27955E94234E278800ED0F9D /* Debug */,
				27955E95234E278800ED0F9D /* Release */,
			);
			defaultConfigurationIsVisible = 0;
			defaultConfigurationName = Release;
		};
/* End XCConfigurationList section */
	};
	rootObject = 27955E5B234E277900ED0F9D /* Project object */;
}
